
Microsoft Visual Studio Solution File, Format Version 12.00
# Visual Studio Version 16
VisualStudioVersion = 16.0.30413.136
MinimumVisualStudioVersion = 10.0.40219.1
Project("{FAE04EC0-301F-11D3-BF4B-00C04F79EFBC}") = "LeetCode", "LeetCode\LeetCode.csproj", "{6A06E072-E8A3-4A6E-BB55-9C076AE271F1}"
EndProject
Project("{FAE04EC0-301F-11D3-BF4B-00C04F79EFBC}") = "LeetCodeTest", "LeetCodeTest\LeetCodeTest.csproj", "{E72BA0B4-6E8F-4DFA-895F-9A20B12FE011}"
EndProject
Global
	GlobalSection(SolutionConfigurationPlatforms) = preSolution
		Debug|Any CPU = Debug|Any CPU
		Release|Any CPU = Release|Any CPU
	EndGlobalSection
	GlobalSection(ProjectConfigurationPlatforms) = postSolution
		{6A06E072-E8A3-4A6E-BB55-9C076AE271F1}.Debug|Any CPU.ActiveCfg = Debug|Any CPU
		{6A06E072-E8A3-4A6E-BB55-9C076AE271F1}.Debug|Any CPU.Build.0 = Debug|Any CPU
		{6A06E072-E8A3-4A6E-BB55-9C076AE271F1}.Release|Any CPU.ActiveCfg = Release|Any CPU
		{6A06E072-E8A3-4A6E-BB55-9C076AE271F1}.Release|Any CPU.Build.0 = Release|Any CPU
		{E72BA0B4-6E8F-4DFA-895F-9A20B12FE011}.Debug|Any CPU.ActiveCfg = Debug|Any CPU
		{E72BA0B4-6E8F-4DFA-895F-9A20B12FE011}.Debug|Any CPU.Build.0 = Debug|Any CPU
		{E72BA0B4-6E8F-4DFA-895F-9A20B12FE011}.Release|Any CPU.ActiveCfg = Release|Any CPU
		{E72BA0B4-6E8F-4DFA-895F-9A20B12FE011}.Release|Any CPU.Build.0 = Release|Any CPU
	EndGlobalSection
	GlobalSection(SolutionProperties) = preSolution
		HideSolutionNode = FALSE
	EndGlobalSection
	GlobalSection(ExtensibilityGlobals) = postSolution
		SolutionGuid = {A7B89B9A-4714-4281-9AA7-510B675E2E8D}
	EndGlobalSection
EndGlobal
